
Microsoft Visual Studio Solution File, Format Version 12.00
# Visual Studio Version 17
VisualStudioVersion = 17.5.33424.131
MinimumVisualStudioVersion = 10.0.40219.1
Project("{9A19103F-16F7-4668-BE54-9A1E7A4F7556}") = "SFASimplifier", "SFASimplifier\SFASimplifier.csproj", "{CF8FA301-BE6C-4458-BB9F-FAAF7FC8F4E7}"
EndProject
Project("{2150E333-8FDC-42A3-9474-1A3956D46DE8}") = "Additionals", "Additionals", "{5EBF0CCF-C73C-4219-9071-D43773229930}"
	ProjectSection(SolutionItems) = preProject
		Additionals\ReadMe.md = Additionals\ReadMe.md
	EndProjectSection
EndProject
Global
	GlobalSection(SolutionConfigurationPlatforms) = preSolution
		Debug|Any CPU = Debug|Any CPU
		Release|Any CPU = Release|Any CPU
	EndGlobalSection
	GlobalSection(ProjectConfigurationPlatforms) = postSolution
		{CF8FA301-BE6C-4458-BB9F-FAAF7FC8F4E7}.Debug|Any CPU.ActiveCfg = Debug|Any CPU
		{CF8FA301-BE6C-4458-BB9F-FAAF7FC8F4E7}.Debug|Any CPU.Build.0 = Debug|Any CPU
		{CF8FA301-BE6C-4458-BB9F-FAAF7FC8F4E7}.Release|Any CPU.ActiveCfg = Release|Any CPU
		{CF8FA301-BE6C-4458-BB9F-FAAF7FC8F4E7}.Release|Any CPU.Build.0 = Release|Any CPU
	EndGlobalSection
	GlobalSection(SolutionProperties) = preSolution
		HideSolutionNode = FALSE
	EndGlobalSection
	GlobalSection(ExtensibilityGlobals) = postSolution
		SolutionGuid = {0B0ACC37-20BC-4846-951B-60681C0B24D6}
	EndGlobalSection
EndGlobal
